
Microsoft Visual Studio Solution File, Format Version 12.00
# Visual Studio Version 17
VisualStudioVersion = 17.14.36717.8 d17.14
MinimumVisualStudioVersion = 10.0.40219.1
Project("{FAE04EC0-301F-11D3-BF4B-00C04F79EFBC}") = "InsecureAPI", "InsecureAPI\InsecureAPI.csproj", "{7D453FD3-6C8A-E840-7F54-27203B44B966}"
EndProject
Project("{FAE04EC0-301F-11D3-BF4B-00C04F79EFBC}") = "SecureAPI", "SecureAPI\SecureAPI.csproj", "{3CF1F772-FAE4-0ADD-04C8-F355F6820581}"
EndProject
Global
	GlobalSection(SolutionConfigurationPlatforms) = preSolution
		Debug|Any CPU = Debug|Any CPU
		Release|Any CPU = Release|Any CPU
	EndGlobalSection
	GlobalSection(ProjectConfigurationPlatforms) = postSolution
		{7D453FD3-6C8A-E840-7F54-27203B44B966}.Debug|Any CPU.ActiveCfg = Debug|Any CPU
		{7D453FD3-6C8A-E840-7F54-27203B44B966}.Debug|Any CPU.Build.0 = Debug|Any CPU
		{7D453FD3-6C8A-E840-7F54-27203B44B966}.Release|Any CPU.ActiveCfg = Release|Any CPU
		{7D453FD3-6C8A-E840-7F54-27203B44B966}.Release|Any CPU.Build.0 = Release|Any CPU
		{3CF1F772-FAE4-0ADD-04C8-F355F6820581}.Debug|Any CPU.ActiveCfg = Debug|Any CPU
		{3CF1F772-FAE4-0ADD-04C8-F355F6820581}.Debug|Any CPU.Build.0 = Debug|Any CPU
		{3CF1F772-FAE4-0ADD-04C8-F355F6820581}.Release|Any CPU.ActiveCfg = Release|Any CPU
		{3CF1F772-FAE4-0ADD-04C8-F355F6820581}.Release|Any CPU.Build.0 = Release|Any CPU
	EndGlobalSection
	GlobalSection(SolutionProperties) = preSolution
		HideSolutionNode = FALSE
	EndGlobalSection
	GlobalSection(ExtensibilityGlobals) = postSolution
		SolutionGuid = {E881495B-54D2-4B7E-9171-C3C0E8CA83D4}
	EndGlobalSection
EndGlobal
